{
  "name": "memehub-bot",
  "version": "1.0.0",
  "lockfileVersion": 1,
  "requires": true,
  "dependencies": {
    "@types/node": {
      "version": "13.9.4",
      "resolved": "https://registry.npmjs.org/@types/node/-/node-13.9.4.tgz",
      "integrity": "sha512-uzaaDXey/NI2l7kU+xCgWu852Dh/zmf6ZKApc0YQEQpY4DaiZFmLN29E6SLHJfSedj3iNWAndSwfSBpEDadJfg=="
    },
    "@types/redis": {
      "version": "2.8.22",
      "resolved": "https://registry.npmjs.org/@types/redis/-/redis-2.8.22.tgz",
      "integrity": "sha512-O21YLcAtcSzax8wy4CfxMNjIMNf5X2c1pKTXDWLMa2p77Igvy7wuNjWVv+Db93wTvRvLLev6oq3IE7gxNKFZyg==",
      "requires": {
        "@types/node": "*"
      }
    },
    "ambi": {
      "version": "3.2.0",
      "resolved": "https://registry.npmjs.org/ambi/-/ambi-3.2.0.tgz",
      "integrity": "sha512-nj5sHLPFd7u2OLmHdFs4DHt3gK6edpNw35hTRIKyI/Vd2Th5e4io50rw1lhmCdUNO2Mm4/4FkHmv6shEANAWcw==",
      "requires": {
        "editions": "^2.1.0",
        "typechecker": "^4.3.0"
      },
      "dependencies": {
        "typechecker": {
          "version": "4.11.0",
          "resolved": "https://registry.npmjs.org/typechecker/-/typechecker-4.11.0.tgz",
          "integrity": "sha512-lz39Mc/d1UBcF/uQFL5P8L+oWdIn/stvkUgHf0tPRW4aEwGGErewNXo2Nb6We2WslWifn00rhcHbbRWRcTGhuw==",
          "requires": {
            "editions": "^2.2.0"
          }
        }
      }
    },
    "bl": {
      "version": "2.2.0",
      "resolved": "https://registry.npmjs.org/bl/-/bl-2.2.0.tgz",
      "integrity": "sha512-wbgvOpqopSr7uq6fJrLH8EsvYMJf9gzfo2jCsL2eTy75qXPukA4pCgHamOQkZtY5vmfVtjB+P3LNlMHW5CEZXA==",
      "requires": {
        "readable-stream": "^2.3.5",
        "safe-buffer": "^5.1.1"
      }
    },
    "bson": {
      "version": "1.1.4",
      "resolved": "https://registry.npmjs.org/bson/-/bson-1.1.4.tgz",
      "integrity": "sha512-S/yKGU1syOMzO86+dGpg2qGoDL0zvzcb262G+gqEy6TgP6rt6z6qxSFX/8X6vLC91P7G7C3nLs0+bvDzmvBA3Q=="
    },
    "core-util-is": {
      "version": "1.0.2",
      "resolved": "https://registry.npmjs.org/core-util-is/-/core-util-is-1.0.2.tgz",
      "integrity": "sha1-tf1UIgqivFq1eqtxQMlAdUUDwac="
    },
    "cron": {
      "version": "1.8.2",
      "resolved": "https://registry.npmjs.org/cron/-/cron-1.8.2.tgz",
      "integrity": "sha512-Gk2c4y6xKEO8FSAUTklqtfSr7oTq0CiPQeLBG5Fl0qoXpZyMcj1SG59YL+hqq04bu6/IuEA7lMkYDAplQNKkyg==",
      "requires": {
        "moment-timezone": "^0.5.x"
      }
    },
    "csv-reader": {
      "version": "1.0.6",
      "resolved": "https://registry.npmjs.org/csv-reader/-/csv-reader-1.0.6.tgz",
      "integrity": "sha512-+xagt7ZlxJWFuW8WH5YvLS5UHv/zlzq/d/dVpG2D0c0A4SSAJ+yJwpVHypqke4rZpRDlyIiiEPcifJbdQidCew=="
    },
    "csv-writer": {
      "version": "1.6.0",
      "resolved": "https://registry.npmjs.org/csv-writer/-/csv-writer-1.6.0.tgz",
      "integrity": "sha512-NOx7YDFWEsM/fTRAJjRpPp8t+MKRVvniAg9wQlUKx20MFrPs73WLJhFf5iteqrxNYnsy924K3Iroh3yNHeYd2g=="
    },
    "debug": {
      "version": "4.1.1",
      "resolved": "https://registry.npmjs.org/debug/-/debug-4.1.1.tgz",
      "integrity": "sha512-pYAIzeRo8J6KPEaJ0VWOh5Pzkbw/RetuzehGM7QRRX5he4fPHx2rdKMB256ehJCkX+XRQm16eZLqLNS8RSZXZw==",
      "requires": {
        "ms": "^2.1.1"
      }
    },
    "denque": {
      "version": "1.4.1",
      "resolved": "https://registry.npmjs.org/denque/-/denque-1.4.1.tgz",
      "integrity": "sha512-OfzPuSZKGcgr96rf1oODnfjqBFmr1DVoc/TrItj3Ohe0Ah1C5WX5Baquw/9U9KovnQ88EqmJbD66rKYUQYN1tQ=="
    },
    "docker-names": {
      "version": "1.1.1",
      "resolved": "https://registry.npmjs.org/docker-names/-/docker-names-1.1.1.tgz",
      "integrity": "sha512-YOEN1PvRKoUowilElZAvjtZTSq7KK03kR7RWqNzHigoPusa9q5/Hi3KJDQAHN94dpBdDIQ6ymM/h0Bzg4Ox73g=="
    },
    "eachr": {
      "version": "4.5.0",
      "resolved": "https://registry.npmjs.org/eachr/-/eachr-4.5.0.tgz",
      "integrity": "sha512-9I664RWp6p8jvcHZIwo7bWaiSaUmA1wNSLKwNZEiaYjqiTARq3cGjyRiIunsopZv4QMmX3T5Hs17QoPAzdYxfg==",
      "requires": {
        "typechecker": "^6.2.0"
      }
    },
    "editions": {
      "version": "2.3.0",
      "resolved": "https://registry.npmjs.org/editions/-/editions-2.3.0.tgz",
      "integrity": "sha512-jeXYwHPKbitU1l14dWlsl5Nm+b1Hsm7VX73BsrQ4RVwEcAQQIPFHTZAbVtuIGxZBrpdT2FXd8lbtrNBrzZxIsA==",
      "requires": {
        "errlop": "^2.0.0",
        "semver": "^6.3.0"
      },
      "dependencies": {
        "semver": {
          "version": "6.3.0",
          "resolved": "https://registry.npmjs.org/semver/-/semver-6.3.0.tgz",
          "integrity": "sha512-b39TBaTSfV6yBrapU89p5fKekE2m/NwnDocOVruQFS1/veMgdzuPcnOM34M6CwxW8jH/lxEa5rBoDeUwu5HHTw=="
        }
      }
    },
    "errlop": {
      "version": "2.0.0",
      "resolved": "https://registry.npmjs.org/errlop/-/errlop-2.0.0.tgz",
      "integrity": "sha512-z00WIrQhtOMUnjdTG0O4f6hMG64EVccVDBy2WwgjcF8S4UB1exGYuc2OFwmdQmsJwLQVEIHWHPCz/omXXgAZHw=="
    },
    "extendr": {
      "version": "4.3.0",
      "resolved": "https://registry.npmjs.org/extendr/-/extendr-4.3.0.tgz",
      "integrity": "sha512-dItKsxlvr88XmYDHehqN6eVX3DPxLAqj5nyAGsaSqJ74jyvStEg5LV2bT84w/+TiI/eXuevZqbYPrqGRFKSaTw==",
      "requires": {
        "typechecker": "^6.2.0"
      }
    },
    "extract-opts": {
      "version": "4.3.0",
      "resolved": "https://registry.npmjs.org/extract-opts/-/extract-opts-4.3.0.tgz",
      "integrity": "sha512-Dmssi1tgKJkQsVmbP7TgW/kbdc42SAsNf6h9ClweP+dS7O24YYMTXsNwPelxhx0LF15npiWwY5ahKtyQiNgxWA==",
      "requires": {
        "eachr": "^4.5.0",
        "typechecker": "^6.2.0"
      }
    },
    "graceful-fs": {
      "version": "4.2.3",
      "resolved": "https://registry.npmjs.org/graceful-fs/-/graceful-fs-4.2.3.tgz",
      "integrity": "sha512-a30VEBm4PEdx1dRB7MFK7BejejvCvBronbLjht+sHuGYj8PHs7M/5Z+rt5lw551vZ7yfTCj4Vuyy3mSJytDWRQ=="
    },
    "handy-redis": {
      "version": "1.8.3",
      "resolved": "https://registry.npmjs.org/handy-redis/-/handy-redis-1.8.3.tgz",
      "integrity": "sha512-TMC47NAaKuUC5jDMlCLNvNDIiNhyUO/ONEM7Xsbv3kiTwR9E1hsx7zctPH4fEoSKvro2gPs8bBb4+Nwscigz2A==",
      "requires": {
        "@types/redis": "^2.8.14",
        "redis": "^3.0.2"
      }
    },
    "ignorefs": {
      "version": "2.3.0",
      "resolved": "https://registry.npmjs.org/ignorefs/-/ignorefs-2.3.0.tgz",
      "integrity": "sha512-ptPMw12KUmf46YwP/vy5BYlHLmTwlBg7CYOI+CvOif5TxZYmwXccVEPwNqB/Um7U6r1gWU99CryP/hvxfxlMsQ==",
      "requires": {
        "ignorepatterns": "^2.2.0"
      }
    },
    "ignorepatterns": {
      "version": "2.3.0",
      "resolved": "https://registry.npmjs.org/ignorepatterns/-/ignorepatterns-2.3.0.tgz",
      "integrity": "sha512-x+t4C8E3hHJ1L1TsGFyAnt2+PLWndL/esgeQaxDKTOZJTaBx1bMu3PVfZA3UdyLa7FJXTVlc1YyJlh5Y4L+pXw=="
    },
    "inherits": {
      "version": "2.0.4",
      "resolved": "https://registry.npmjs.org/inherits/-/inherits-2.0.4.tgz",
      "integrity": "sha512-k/vGaX4/Yla3WzyMCvTQOXYeIHvqOKtnqBduzTHpzpQZzAskKMhZ2K+EnBiSM9zGSoIFeMpXKxa4dYeZIQqewQ=="
    },
    "isarray": {
      "version": "1.0.0",
      "resolved": "https://registry.npmjs.org/isarray/-/isarray-1.0.0.tgz",
      "integrity": "sha1-u5NdSFgsuhaMBoNJV6VKPgcSTxE="
    },
    "memory-pager": {
      "version": "1.5.0",
      "resolved": "https://registry.npmjs.org/memory-pager/-/memory-pager-1.5.0.tgz",
      "integrity": "sha512-ZS4Bp4r/Zoeq6+NLJpP+0Zzm0pR8whtGPf1XExKLJBAczGMnSi3It14OiNCStjQjM6NU1okjQGSxgEZN8eBYKg==",
      "optional": true
    },
    "minimist": {
      "version": "1.2.5",
      "resolved": "https://registry.npmjs.org/minimist/-/minimist-1.2.5.tgz",
      "integrity": "sha512-FM9nNUYrRBAELZQT3xeZQ7fmMOBg6nWNmJKTcgsJeaLstP/UODVpGsr5OhXhhXg6f+qtJ8uiZ+PUxkDWcgIXLw=="
    },
    "module-alias": {
      "version": "2.2.2",
      "resolved": "https://registry.npmjs.org/module-alias/-/module-alias-2.2.2.tgz",
      "integrity": "sha512-A/78XjoX2EmNvppVWEhM2oGk3x4lLxnkEA4jTbaK97QKSDjkIoOsKQlfylt/d3kKKi596Qy3NP5XrXJ6fZIC9Q=="
    },
    "moment": {
      "version": "2.24.0",
      "resolved": "https://registry.npmjs.org/moment/-/moment-2.24.0.tgz",
      "integrity": "sha512-bV7f+6l2QigeBBZSM/6yTNq4P2fNpSWj/0e7jQcy87A8e7o2nAfP/34/2ky5Vw4B9S446EtIhodAzkFCcR4dQg=="
    },
    "moment-timezone": {
      "version": "0.5.37",
      "resolved": "https://registry.npmjs.org/moment-timezone/-/moment-timezone-0.5.37.tgz",
      "integrity": "sha512-uEDzDNFhfaywRl+vwXxffjjq1q0Vzr+fcQpQ1bU0kbzorfS7zVtZnCnGc8mhWmF39d4g4YriF6kwA75mJKE/Zg==",
      "requires": {
        "moment": ">= 2.9.0"
      }
    },
    "mongodb": {
      "version": "3.5.5",
      "resolved": "https://registry.npmjs.org/mongodb/-/mongodb-3.5.5.tgz",
      "integrity": "sha512-GCjDxR3UOltDq00Zcpzql6dQo1sVry60OXJY3TDmFc2SWFY6c8Gn1Ardidc5jDirvJrx2GC3knGOImKphbSL3A==",
      "requires": {
        "bl": "^2.2.0",
        "bson": "^1.1.1",
        "denque": "^1.4.1",
        "require_optional": "^1.0.1",
        "safe-buffer": "^5.1.2",
        "saslprep": "^1.0.0"
      }
    },
    "ms": {
      "version": "2.1.2",
      "resolved": "https://registry.npmjs.org/ms/-/ms-2.1.2.tgz",
      "integrity": "sha512-sGkPx+VjMtmA6MX27oA4FBFELFCZZ4S4XqeGOXCv68tT+jb3vk/RyaKWP0PTKyWtmLSM0b+adUTEvbs1PEaH2w=="
    },
    "node-fetch": {
      "version": "2.6.0",
      "resolved": "https://registry.npmjs.org/node-fetch/-/node-fetch-2.6.0.tgz",
      "integrity": "sha512-8dG4H5ujfvFiqDmVu9fQ5bOHUC15JMjMY/Zumv26oOvvVJjM67KF8koCWIabKQ1GJIa9r2mMZscBq/TbdOcmNA=="
    },
    "process-nextick-args": {
      "version": "2.0.1",
      "resolved": "https://registry.npmjs.org/process-nextick-args/-/process-nextick-args-2.0.1.tgz",
      "integrity": "sha512-3ouUOpQhtgrbOa17J7+uxOTpITYWaGP7/AhoR3+A+/1e9skrzelGi/dXzEYyvbxubEF6Wn2ypscTKiKJFFn1ag=="
    },
    "readable-stream": {
      "version": "2.3.7",
      "resolved": "https://registry.npmjs.org/readable-stream/-/readable-stream-2.3.7.tgz",
      "integrity": "sha512-Ebho8K4jIbHAxnuxi7o42OrZgF/ZTNcsZj6nRKyUmkhLFq8CHItp/fy6hQZuZmP/n3yZ9VBUbp4zz/mX8hmYPw==",
      "requires": {
        "core-util-is": "~1.0.0",
        "inherits": "~2.0.3",
        "isarray": "~1.0.0",
        "process-nextick-args": "~2.0.0",
        "safe-buffer": "~5.1.1",
        "string_decoder": "~1.1.1",
        "util-deprecate": "~1.0.1"
      },
      "dependencies": {
        "safe-buffer": {
          "version": "5.1.2",
          "resolved": "https://registry.npmjs.org/safe-buffer/-/safe-buffer-5.1.2.tgz",
          "integrity": "sha512-Gd2UZBJDkXlY7GbJxfsE8/nvKkUEU1G38c1siN6QP6a9PT9MmHB8GnpscSmMJSoF8LOIrt8ud/wPtojys4G6+g=="
        }
      }
    },
    "readdir-cluster": {
      "version": "2.3.0",
      "resolved": "https://registry.npmjs.org/readdir-cluster/-/readdir-cluster-2.3.0.tgz",
      "integrity": "sha512-8xT0yWJ5WHHN5BfZ0d+P5y6A8p24sEfD8JTDdxida+oPKBvDYWoXwkDZ79nzGpDsxwEf7L4cGJQEhw9sUb21Bw=="
    },
    "redis": {
      "version": "3.0.2",
      "resolved": "https://registry.npmjs.org/redis/-/redis-3.0.2.tgz",
      "integrity": "sha512-PNhLCrjU6vKVuMOyFu7oSP296mwBkcE6lrAjruBYG5LgdSqtRBoVQIylrMyVZD/lkF24RSNNatzvYag6HRBHjQ==",
      "requires": {
        "denque": "^1.4.1",
        "redis-commands": "^1.5.0",
        "redis-errors": "^1.2.0",
        "redis-parser": "^3.0.0"
      }
    },
    "redis-commands": {
      "version": "1.5.0",
      "resolved": "https://registry.npmjs.org/redis-commands/-/redis-commands-1.5.0.tgz",
      "integrity": "sha512-6KxamqpZ468MeQC3bkWmCB1fp56XL64D4Kf0zJSwDZbVLLm7KFkoIcHrgRvQ+sk8dnhySs7+yBg94yIkAK7aJg=="
    },
    "redis-errors": {
      "version": "1.2.0",
      "resolved": "https://registry.npmjs.org/redis-errors/-/redis-errors-1.2.0.tgz",
      "integrity": "sha1-62LSrbFeTq9GEMBK/hUpOEJQq60="
    },
    "redis-parser": {
      "version": "3.0.0",
      "resolved": "https://registry.npmjs.org/redis-parser/-/redis-parser-3.0.0.tgz",
      "integrity": "sha1-tm2CjNyv5rS4pCin3vTGvKwxyLQ=",
      "requires": {
        "redis-errors": "^1.0.0"
      }
    },
    "redis-request-broker": {
      "version": "1.11.1",
      "resolved": "https://registry.npmjs.org/redis-request-broker/-/redis-request-broker-1.11.1.tgz",
      "integrity": "sha512-9nSNMuSNtBf7+oYmCgBsjAZMGW13jACebeL7BTQ4LpVorRAsyAeyiVteII8ZJ7PsiJ6C6KGsOl67aPHWWwu+LA==",
      "requires": {
        "@types/redis": "^2.8.22",
        "handy-redis": "^1.8.3",
        "redis": "^3.0.2",
        "serialize-error": "^7.0.1",
        "uniqid": "^5.2.0"
      },
      "dependencies": {
        "serialize-error": {
          "version": "7.0.1",
          "resolved": "https://registry.npmjs.org/serialize-error/-/serialize-error-7.0.1.tgz",
          "integrity": "sha512-8I8TjW5KMOKsZQTvoxjuSIa7foAwPWGOts+6o7sgjz41/qMD9VQHEDxi6PBvK2l0MXUmqZyNpUK+T2tQaaElvw==",
          "requires": {
            "type-fest": "^0.13.1"
          }
        },
        "type-fest": {
          "version": "0.13.1",
          "resolved": "https://registry.npmjs.org/type-fest/-/type-fest-0.13.1.tgz",
          "integrity": "sha512-34R7HTnG0XIJcBSn5XhDd7nNFPRcXYRZrBB2O2jdKqYODldSzBAqzsWoZYYvduky73toYS/ESqxPvkDf/F0XMg=="
        }
      }
    },
    "require_optional": {
      "version": "1.0.1",
      "resolved": "https://registry.npmjs.org/require_optional/-/require_optional-1.0.1.tgz",
      "integrity": "sha512-qhM/y57enGWHAe3v/NcwML6a3/vfESLe/sGM2dII+gEO0BpKRUkWZow/tyloNqJyN6kXSl3RyyM8Ll5D/sJP8g==",
      "requires": {
        "resolve-from": "^2.0.0",
        "semver": "^5.1.0"
      }
    },
    "resolve-from": {
      "version": "2.0.0",
      "resolved": "https://registry.npmjs.org/resolve-from/-/resolve-from-2.0.0.tgz",
      "integrity": "sha1-lICrIOlP+h2egKgEx+oUdhGWa1c="
    },
    "safe-buffer": {
      "version": "5.2.0",
      "resolved": "https://registry.npmjs.org/safe-buffer/-/safe-buffer-5.2.0.tgz",
      "integrity": "sha512-fZEwUGbVl7kouZs1jCdMLdt95hdIv0ZeHg6L7qPeciMZhZ+/gdesW4wgTARkrFWEpspjEATAzUGPG8N2jJiwbg=="
    },
    "safefs": {
      "version": "5.5.0",
      "resolved": "https://registry.npmjs.org/safefs/-/safefs-5.5.0.tgz",
      "integrity": "sha512-I8wa7h8Z9OpyULYkEiQoUEtAvPOlsvmYSmD2PD0hVUs4Hhr5BHor8NDSg3qWikIba0+yz3xww0IrLvzCstYVFQ==",
      "requires": {
        "graceful-fs": "^4.2.3"
      }
    },
    "safeps": {
      "version": "9.3.0",
      "resolved": "https://registry.npmjs.org/safeps/-/safeps-9.3.0.tgz",
      "integrity": "sha512-yrrv0AO4j3+ULwUy8OfbnbtPZCHTfcfDIh3TMzHcqgfX+WWYHGPobbLlEviDHeSk7T8uG3lDr02U+z1vp6SVYQ==",
      "requires": {
        "extract-opts": "^4.3.0",
        "safefs": "^5.4.0",
        "taskgroup": "^6.4.0",
        "typechecker": "^6.2.0"
      }
    },
    "sandwich-stream": {
      "version": "2.0.2",
      "resolved": "https://registry.npmjs.org/sandwich-stream/-/sandwich-stream-2.0.2.tgz",
      "integrity": "sha512-jLYV0DORrzY3xaz/S9ydJL6Iz7essZeAfnAavsJ+zsJGZ1MOnsS52yRjU3uF3pJa/lla7+wisp//fxOwOH8SKQ=="
    },
    "saslprep": {
      "version": "1.0.3",
      "resolved": "https://registry.npmjs.org/saslprep/-/saslprep-1.0.3.tgz",
      "integrity": "sha512-/MY/PEMbk2SuY5sScONwhUDsV2p77Znkb/q3nSVstq/yQzYJOH/Azh29p9oJLsl3LnQwSvZDKagDGBsBwSooag==",
      "optional": true,
      "requires": {
        "sparse-bitfield": "^3.0.3"
      }
    },
    "scandirectory": {
      "version": "5.3.0",
      "resolved": "https://registry.npmjs.org/scandirectory/-/scandirectory-5.3.0.tgz",
      "integrity": "sha512-hfb4aTGE1c1jtp3vVYO3pcWndaO31XwmGNdX2T8WHbSLZvXMKiOon7CF49LDlqTQIm367RHuJJPay+2Hd6vNTA==",
      "requires": {
        "ignorefs": "^2.3.0",
        "readdir-cluster": "^2.3.0"
      }
    },
    "semver": {
      "version": "5.7.1",
      "resolved": "https://registry.npmjs.org/semver/-/semver-5.7.1.tgz",
      "integrity": "sha512-sauaDf/PZdVgrLTNYHRtpXa1iRiKcaebiKQ1BJdpQlWH2lCvexQdX55snPFyK7QzpudqbCI0qXFfOasHdyNDGQ=="
    },
    "serialize-error": {
      "version": "6.0.0",
      "resolved": "https://registry.npmjs.org/serialize-error/-/serialize-error-6.0.0.tgz",
      "integrity": "sha512-3vmBkMZLQO+BR4RPHcyRGdE09XCF6cvxzk2N2qn8Er3F91cy8Qt7VvEbZBOpaL53qsBbe2cFOefU6tRY6WDelA==",
      "requires": {
        "type-fest": "^0.12.0"
      }
    },
    "sparse-bitfield": {
      "version": "3.0.3",
      "resolved": "https://registry.npmjs.org/sparse-bitfield/-/sparse-bitfield-3.0.3.tgz",
      "integrity": "sha1-/0rm5oZWBWuks+eSqzM004JzyhE=",
      "optional": true,
      "requires": {
        "memory-pager": "^1.0.2"
      }
    },
    "string_decoder": {
      "version": "1.1.1",
      "resolved": "https://registry.npmjs.org/string_decoder/-/string_decoder-1.1.1.tgz",
      "integrity": "sha512-n/ShnvDi6FHbbVfviro+WojiFzv+s8MPMHBczVePfUpDJLwoLT0ht1l4YwBCbi8pJAveEEdnkHyPyTP/mzRfwg==",
      "requires": {
        "safe-buffer": "~5.1.0"
      },
      "dependencies": {
        "safe-buffer": {
          "version": "5.1.2",
          "resolved": "https://registry.npmjs.org/safe-buffer/-/safe-buffer-5.1.2.tgz",
          "integrity": "sha512-Gd2UZBJDkXlY7GbJxfsE8/nvKkUEU1G38c1siN6QP6a9PT9MmHB8GnpscSmMJSoF8LOIrt8ud/wPtojys4G6+g=="
        }
      }
    },
    "taskgroup": {
      "version": "6.5.0",
      "resolved": "https://registry.npmjs.org/taskgroup/-/taskgroup-6.5.0.tgz",
      "integrity": "sha512-7ZWRY392GRgEld1as3Zo4gt1p0m8yeyPlAEJ01wyupurGmrXKqTT0Vkz5WhToDE2H99Y6tVXM9X6EILq8zumTg==",
      "requires": {
        "ambi": "3.2.0",
        "eachr": "^4.5.0",
        "extendr": "^4.3.0",
        "safeps": "^9.3.0",
        "unbounded": "^2.2.0"
      }
    },
    "telegraf": {
      "version": "3.36.0",
      "resolved": "https://registry.npmjs.org/telegraf/-/telegraf-3.36.0.tgz",
      "integrity": "sha512-9o6AJKRiTm5vMWYI6WpTfBHzu4FMpWBNKxvnMxRds/cbMY9RnsVVjdi8i4bFFlfd+xbi73EbrnI3dybayryICA==",
      "requires": {
        "@types/node": "^13.1.0",
        "debug": "^4.0.1",
        "minimist": "^1.2.0",
        "module-alias": "^2.2.2",
        "node-fetch": "^2.2.0",
        "sandwich-stream": "^2.0.1",
        "telegram-typings": "^3.6.0"
      }
    },
    "telegraf-command-parts": {
      "version": "1.0.3",
      "resolved": "https://registry.npmjs.org/telegraf-command-parts/-/telegraf-command-parts-1.0.3.tgz",
      "integrity": "sha1-0OB40Qzj9oRptSnl6jp25C1XiLM=",
      "requires": {
        "telegraf": "^3.1.0"
      }
    },
    "telegraf-keyboard": {
      "version": "1.1.2",
      "resolved": "https://registry.npmjs.org/telegraf-keyboard/-/telegraf-keyboard-1.1.2.tgz",
      "integrity": "sha512-0yEsI8M5YdQQQmKa4xijt6glZREwhs2G82P7x2wrUlmfebKo79AiilhD/w3fgR1kcFFfNbFF2LQzovStBSviQQ==",
      "requires": {
        "telegraf": "^3.29.0"
      }
    },
    "telegram-typings": {
      "version": "3.6.1",
      "resolved": "https://registry.npmjs.org/telegram-typings/-/telegram-typings-3.6.1.tgz",
      "integrity": "sha512-njVv1EAhIZnmQVLocZEADYUyqA1WIXuVcDYlsp+mXua/XB0pxx+PKtMSPeZ/EE4wPWTw9h/hA9ASTT6yQelkiw=="
    },
    "type-fest": {
      "version": "0.12.0",
      "resolved": "https://registry.npmjs.org/type-fest/-/type-fest-0.12.0.tgz",
      "integrity": "sha512-53RyidyjvkGpnWPMF9bQgFtWp+Sl8O2Rp13VavmJgfAP9WWG6q6TkrKU8iyJdnwnfgHI6k2hTlgqH4aSdjoTbg=="
    },
    "typechecker": {
      "version": "6.3.0",
      "resolved": "https://registry.npmjs.org/typechecker/-/typechecker-6.3.0.tgz",
      "integrity": "sha512-XZmZISfAzrzGHaC2nAwXyh/O1srpTIw/sFS5K0wGRIoWgc+bpGXJLkpI5VoZg9+2SwV6tFIS3WCb3l0bNitLag=="
    },
    "unbounded": {
      "version": "2.3.0",
      "resolved": "https://registry.npmjs.org/unbounded/-/unbounded-2.3.0.tgz",
      "integrity": "sha512-gjT7NZ8g29UDlB1nrFVLWs1A2tRP3rSyCdvX2Vu185SI1PGmhjcxaCfVh64Oaz6rKBCrXwhTQD56/m+ox4FPKA=="
    },
    "uniqid": {
      "version": "5.2.0",
      "resolved": "https://registry.npmjs.org/uniqid/-/uniqid-5.2.0.tgz",
      "integrity": "sha512-LH8zsvwJ/GL6YtNfSOmMCrI9piraAUjBfw2MCvleNE6a4pVKJwXjG2+HWhkVeFcSg+nmaPKbMrMOoxwQluZ1Mg=="
    },
    "util-deprecate": {
      "version": "1.0.2",
      "resolved": "https://registry.npmjs.org/util-deprecate/-/util-deprecate-1.0.2.tgz",
      "integrity": "sha1-RQ1Nyfpw3nMnYvvS1KKJgUGaDM8="
    },
    "uuid": {
      "version": "7.0.2",
      "resolved": "https://registry.npmjs.org/uuid/-/uuid-7.0.2.tgz",
      "integrity": "sha512-vy9V/+pKG+5ZTYKf+VcphF5Oc6EFiu3W8Nv3P3zIh0EqVI80ZxOzuPfe9EHjkFNvf8+xuTHVeei4Drydlx4zjw=="
    },
    "watchr": {
      "version": "5.6.0",
      "resolved": "https://registry.npmjs.org/watchr/-/watchr-5.6.0.tgz",
      "integrity": "sha512-ZgK6+tXtjXwSuN6cqCE7j43h8po7Od02r8r1eHo4IzHE69N6cEqD6Vhp3F3fRQF3DO5+tsKbMTAUF5a80+1cDw==",
      "requires": {
        "eachr": "^4.5.0",
        "extendr": "^4.3.0",
        "ignorefs": "^2.3.0",
        "safefs": "^5.5.0",
        "scandirectory": "^5.3.0",
        "taskgroup": "^6.5.0"
      }
    }
  }
}
